{
  "name": "ifenem",
  "version": "1.0.0",
  "lockfileVersion": 2,
  "requires": true,
  "packages": {
    "": {
      "name": "ifenem",
      "version": "1.0.0",
      "license": "ISC",
      "dependencies": {
        "fs": "^0.0.1-security",
        "sweetalert2": "^11.6.5"
      }
    },
    "node_modules/fs": {
      "version": "0.0.1-security",
      "resolved": "https://registry.npmjs.org/fs/-/fs-0.0.1-security.tgz",
      "integrity": "sha512-3XY9e1pP0CVEUCdj5BmfIZxRBTSDycnbqhIOGec9QYtmVH2fbLpj86CFWkrNOkt/Fvty4KZG5lTglL9j/gJ87w=="
    },
    "node_modules/sweetalert2": {
      "version": "11.6.5",
      "resolved": "https://registry.npmjs.org/sweetalert2/-/sweetalert2-11.6.5.tgz",
      "integrity": "sha512-4/2dD+HoGbMnemYJlY/IXhLUgVFVxLgH3dlEDLY1yufOAW9HLEI8VHmgCo4+pmXbUBlKZU/pDbSgw3wkysi8jQ==",
      "funding": {
        "type": "individual",
        "url": "https://github.com/sponsors/limonte"
      }
    }
  },
  "dependencies": {
    "fs": {
      "version": "0.0.1-security",
      "resolved": "https://registry.npmjs.org/fs/-/fs-0.0.1-security.tgz",
      "integrity": "sha512-3XY9e1pP0CVEUCdj5BmfIZxRBTSDycnbqhIOGec9QYtmVH2fbLpj86CFWkrNOkt/Fvty4KZG5lTglL9j/gJ87w=="
    },
    "sweetalert2": {
      "version": "11.6.5",
      "resolved": "https://registry.npmjs.org/sweetalert2/-/sweetalert2-11.6.5.tgz",
      "integrity": "sha512-4/2dD+HoGbMnemYJlY/IXhLUgVFVxLgH3dlEDLY1yufOAW9HLEI8VHmgCo4+pmXbUBlKZU/pDbSgw3wkysi8jQ=="
    }
  }
}
